
Microsoft Visual Studio Solution File, Format Version 12.00
# Visual Studio 15
VisualStudioVersion = 15.0.27004.2009
MinimumVisualStudioVersion = 10.0.40219.1
Project("{888888A0-9F3D-457C-B088-3A5042F75D52}") = "market_data", "market_data.pyproj", "{FB8CD957-A018-4A04-905F-D85B39D6308B}"
EndProject
Project("{888888A0-9F3D-457C-B088-3A5042F75D52}") = "Analysis", "..\Analysis\Analysis.pyproj", "{192644FA-02A1-4D49-BE05-B51706C59451}"
EndProject
Project("{888888A0-9F3D-457C-B088-3A5042F75D52}") = "core", "..\core\core.pyproj", "{466A501A-5D7E-457F-8533-DA6094E06ECB}"
EndProject
Global
	GlobalSection(SolutionConfigurationPlatforms) = preSolution
		Debug|Any CPU = Debug|Any CPU
		Release|Any CPU = Release|Any CPU
	EndGlobalSection
	GlobalSection(ProjectConfigurationPlatforms) = postSolution
		{FB8CD957-A018-4A04-905F-D85B39D6308B}.Debug|Any CPU.ActiveCfg = Debug|Any CPU
		{FB8CD957-A018-4A04-905F-D85B39D6308B}.Release|Any CPU.ActiveCfg = Release|Any CPU
		{192644FA-02A1-4D49-BE05-B51706C59451}.Debug|Any CPU.ActiveCfg = Debug|Any CPU
		{192644FA-02A1-4D49-BE05-B51706C59451}.Release|Any CPU.ActiveCfg = Release|Any CPU
		{466A501A-5D7E-457F-8533-DA6094E06ECB}.Debug|Any CPU.ActiveCfg = Debug|Any CPU
		{466A501A-5D7E-457F-8533-DA6094E06ECB}.Release|Any CPU.ActiveCfg = Release|Any CPU
	EndGlobalSection
	GlobalSection(SolutionProperties) = preSolution
		HideSolutionNode = FALSE
	EndGlobalSection
	GlobalSection(ExtensibilityGlobals) = postSolution
		SolutionGuid = {3B8C8CB0-4174-4125-99C6-B1481225C3A9}
	EndGlobalSection
EndGlobal
